
Microsoft Visual Studio Solution File, Format Version 12.00
# SQL Server Management Studio Version 21
VisualStudioVersion = 17.14.36301.6 d17.14
MinimumVisualStudioVersion = 10.0.40219.1
Project("{4F2E2C19-372F-40D8-9FA7-9D2138C6997A}") = "demo-sql", "demo-sql\demo-sql.ssmssqlproj", "{8575BDAF-5BD5-2FC8-619A-675AE4636127}"
EndProject
Global
	GlobalSection(SolutionConfigurationPlatforms) = preSolution
		Default|Default = Default|Default
	EndGlobalSection
	GlobalSection(ProjectConfigurationPlatforms) = postSolution
		{8575BDAF-5BD5-2FC8-619A-675AE4636127}.Default|Default.ActiveCfg = Default
		{4548C480-8515-47C2-B533-8F0212BFBB98}.Default|Default.ActiveCfg = Default
	EndGlobalSection
	GlobalSection(SolutionProperties) = preSolution
		HideSolutionNode = FALSE
	EndGlobalSection
	GlobalSection(ExtensibilityGlobals) = postSolution
		SolutionGuid = {63877A50-B7CC-4A28-9CEC-70FFBD649753}
	EndGlobalSection
EndGlobal
